
Microsoft Visual Studio Solution File, Format Version 12.00
# Visual Studio Version 17
VisualStudioVersion = 17.5.33424.131
MinimumVisualStudioVersion = 10.0.40219.1
Project("{FAE04EC0-301F-11D3-BF4B-00C04F79EFBC}") = "Hospital System", "Hospital System\Hospital System.csproj", "{6111E31B-F38E-4EE3-8224-28BC9D0E6851}"
EndProject
Global
	GlobalSection(SolutionConfigurationPlatforms) = preSolution
		Debug|Any CPU = Debug|Any CPU
		Release|Any CPU = Release|Any CPU
	EndGlobalSection
	GlobalSection(ProjectConfigurationPlatforms) = postSolution
		{6111E31B-F38E-4EE3-8224-28BC9D0E6851}.Debug|Any CPU.ActiveCfg = Debug|Any CPU
		{6111E31B-F38E-4EE3-8224-28BC9D0E6851}.Debug|Any CPU.Build.0 = Debug|Any CPU
		{6111E31B-F38E-4EE3-8224-28BC9D0E6851}.Release|Any CPU.ActiveCfg = Release|Any CPU
		{6111E31B-F38E-4EE3-8224-28BC9D0E6851}.Release|Any CPU.Build.0 = Release|Any CPU
	EndGlobalSection
	GlobalSection(SolutionProperties) = preSolution
		HideSolutionNode = FALSE
	EndGlobalSection
	GlobalSection(ExtensibilityGlobals) = postSolution
		SolutionGuid = {6A1E4A6B-3692-4324-8082-10C34D6C8CC5}
	EndGlobalSection
EndGlobal
