
Microsoft Visual Studio Solution File, Format Version 12.00
# Visual Studio Version 17
VisualStudioVersion = 17.5.33424.131
MinimumVisualStudioVersion = 10.0.40219.1
Project("{FAE04EC0-301F-11D3-BF4B-00C04F79EFBC}") = "Hospital System Management", "Hospital System Management\Hospital System Management.csproj", "{2A10C4EE-FE57-4F5B-B6F9-0D9F28F6ADDA}"
EndProject
Global
	GlobalSection(SolutionConfigurationPlatforms) = preSolution
		Debug|Any CPU = Debug|Any CPU
		Release|Any CPU = Release|Any CPU
	EndGlobalSection
	GlobalSection(ProjectConfigurationPlatforms) = postSolution
		{2A10C4EE-FE57-4F5B-B6F9-0D9F28F6ADDA}.Debug|Any CPU.ActiveCfg = Debug|Any CPU
		{2A10C4EE-FE57-4F5B-B6F9-0D9F28F6ADDA}.Debug|Any CPU.Build.0 = Debug|Any CPU
		{2A10C4EE-FE57-4F5B-B6F9-0D9F28F6ADDA}.Release|Any CPU.ActiveCfg = Release|Any CPU
		{2A10C4EE-FE57-4F5B-B6F9-0D9F28F6ADDA}.Release|Any CPU.Build.0 = Release|Any CPU
	EndGlobalSection
	GlobalSection(SolutionProperties) = preSolution
		HideSolutionNode = FALSE
	EndGlobalSection
	GlobalSection(ExtensibilityGlobals) = postSolution
		SolutionGuid = {C7082288-E4A0-45E3-9BB3-AEDED40542A3}
	EndGlobalSection
EndGlobal
